---
mruby:
  version: 4.0.0
  release_no: 40000
  git_commit: 870a6b58ad91550917771a6232bb95c1684c98fb
builds:
  robert:
    https://github.com/mrbgemz/mruby-tui:
      url: https://github.com/mrbgemz/mruby-tui
      branch: v0.6.0
      commit: 0df2ac42bc6390d66a34aa5ebffe2f05b688558c
      version: 0.6.0
    https://github.com/mrbgemz/mruby-tui-chat:
      url: https://github.com/mrbgemz/mruby-tui-chat
      branch: v0.3.1.beta.3
      commit: df1fefd8cc050036d23b2a07ba7f5ae497b8d0e2
      version: 0.3.1.beta.3
    https://github.com/mrbgemz/mruby-markdown:
      url: https://github.com/mrbgemz/mruby-markdown
      branch: main
      commit: 56ba9c05679a15dd2d888776e1c47ee35ed8cfbd
      version: 0.1.0
    https://github.com/llmrb/mruby-llm:
      url: https://github.com/llmrb/mruby-llm
      branch: v0.1.0.beta.16
      commit: 819f014448d0ac4cab83710a9ad32d11fd27dd8c
      version: 0.1.0.beta.16
    https://github.com/0x1eef/mruby-process.git:
      url: https://github.com/0x1eef/mruby-process.git
      branch: v0.2.0
      commit: 2ae99772edf6a8f07a709f62507cc4752021c879
      version: 0.2.0
    https://github.com/0x1eef/mruby-command:
      url: https://github.com/0x1eef/mruby-command
      branch: v0.2.0.beta.2
      commit: 2966b73f74ec0305b1192bf6523cf26db8faefb9
      version: 0.2.0.beta.2
    https://github.com/0x1eef/mruby-termbox2.git:
      url: https://github.com/0x1eef/mruby-termbox2.git
      branch: v0.5.0
      commit: cd424bc5b4cf362b8245fb9e43358397476b3a9d
      version: 0.5.0
    https://github.com/mattn/mruby-http.git:
      url: https://github.com/mattn/mruby-http.git
      branch: master
      commit: 003c2af0a059c50a3546001860108ff4bf3a2cac
      version: 0.0.0
    https://github.com/llmrb/mruby-curl.git:
      url: https://github.com/llmrb/mruby-curl.git
      branch: v0.5.0.beta.1
      commit: dfd037fd1e530dc164a04837a626abcd523f0453
      version: 0.5.0.beta.1
    https://github.com/mattn/mruby-json.git:
      url: https://github.com/mattn/mruby-json.git
      branch: master
      commit: f99d9428025469f2400f93c53b185f65f963e507
      version: 0.0.0
    https://github.com/ksss/mruby-stringio.git:
      url: https://github.com/ksss/mruby-stringio.git
      branch: master
      commit: 32acb9ea9ad1aa1db8088625252988e98770188a
      version: 0.0.0
    https://github.com/0x1eef/mruby-chan.git:
      url: https://github.com/0x1eef/mruby-chan.git
      branch: v0.3.0
      commit: f0fcbe444ef0627ac054ddb7a177cad772c3a747
      version: 0.3.0
    https://github.com/0x1eef/mruby-minitest.git:
      url: https://github.com/0x1eef/mruby-minitest.git
      branch: main
      commit: 9e3ccebc994c689e8aba6d24f8fb2be3c3f135a5
      version: 0.1.0
