---
mruby:
  version: 4.0.0
  release_no: 40000
  git_commit: 94bd329afeb9f14d2de4c62aff1eddea6adec0ca
builds:
  robert:
    https://github.com/mrbgemz/mruby-tui:
      url: https://github.com/mrbgemz/mruby-tui
      branch: v0.4.0
      commit: 84a41a94ab8abecb1b00ed7da0edc3e35bf4accc
      version: 0.4.0
    https://github.com/mrbgemz/mruby-tui-chat:
      url: https://github.com/mrbgemz/mruby-tui-chat
      branch: v0.2.0
      commit: cab110637cb233104ae4cfb3fb2ae7f8585921e7
      version: 0.2.0
    https://github.com/mrbgemz/mruby-markdown:
      url: https://github.com/mrbgemz/mruby-markdown
      branch: main
      commit: 56ba9c05679a15dd2d888776e1c47ee35ed8cfbd
      version: 0.1.0
    https://github.com/llmrb/mruby-llm:
      url: https://github.com/llmrb/mruby-llm
      branch: v0.1.0.beta.7
      commit: 4442f7285b8f5d6b031bd42d64210831dfbebcc7
      version: 0.1.0.beta.7
    https://github.com/0x1eef/mruby-command:
      url: https://github.com/0x1eef/mruby-command
      branch: main
      commit: d6060c09b4b29bdd98dba8806e6f472815332843
      version: 0.1.0
    https://github.com/0x1eef/mruby-termbox2.git:
      url: https://github.com/0x1eef/mruby-termbox2.git
      branch: v0.3.0
      commit: 12cd4252bcdca2c9de7e7eb92563423c1167a28a
      version: 0.3.0
    https://github.com/mattn/mruby-http.git:
      url: https://github.com/mattn/mruby-http.git
      branch: master
      commit: 003c2af0a059c50a3546001860108ff4bf3a2cac
      version: 0.0.0
    https://github.com/llmrb/mruby-curl.git:
      url: https://github.com/llmrb/mruby-curl.git
      branch: v0.4.0
      commit: 50b7235fd91abfec98cf5155a997a0e47ee343af
      version: 0.4.0
    https://github.com/mattn/mruby-json.git:
      url: https://github.com/mattn/mruby-json.git
      branch: master
      commit: f99d9428025469f2400f93c53b185f65f963e507
      version: 0.0.0
    https://github.com/ksss/mruby-stringio.git:
      url: https://github.com/ksss/mruby-stringio.git
      branch: master
      commit: 32acb9ea9ad1aa1db8088625252988e98770188a
      version: 0.0.0
    https://github.com/0x1eef/mruby-process.git:
      url: https://github.com/0x1eef/mruby-process.git
      branch: main
      commit: 5b51c4a11abc1444f89a61302fc8b7d0a8ab77df
      version: 0.1.0
    https://github.com/0x1eef/mruby-minitest.git:
      url: https://github.com/0x1eef/mruby-minitest.git
      branch: main
      commit: 9e3ccebc994c689e8aba6d24f8fb2be3c3f135a5
      version: 0.1.0
